
Microsoft Visual Studio Solution File, Format Version 12.00
# Visual Studio Version 16
VisualStudioVersion = 16.0.30804.86
MinimumVisualStudioVersion = 10.0.40219.1
Project("{9A19103F-16F7-4668-BE54-9A1E7A4F7556}") = "KampIntro", "KampIntro\KampIntro.csproj", "{84A0BBE9-CD9B-4083-9F8C-8449C86D0581}"
EndProject
Project("{9A19103F-16F7-4668-BE54-9A1E7A4F7556}") = "Donguler", "Donguler\Donguler.csproj", "{BD5B66A7-3F57-40A1-9536-B06786A6C123}"
EndProject
Project("{9A19103F-16F7-4668-BE54-9A1E7A4F7556}") = "Sınıflar", "Sınıflar\Sınıflar.csproj", "{1F0D301B-EF74-4927-B3BA-5418F0BDF8D9}"
EndProject
Project("{9A19103F-16F7-4668-BE54-9A1E7A4F7556}") = "Metotlar", "Metotlar\Metotlar.csproj", "{DA0C69BB-1451-4B4B-A7B5-92D300492031}"
EndProject
Project("{9A19103F-16F7-4668-BE54-9A1E7A4F7556}") = "Math", "Math\Math.csproj", "{ACD6EE6F-A941-46F7-AAD3-E171142F6E73}"
EndProject
Project("{9A19103F-16F7-4668-BE54-9A1E7A4F7556}") = "DegerVeReferansTipler", "DegerVeReferansTipler\DegerVeReferansTipler.csproj", "{1D4C8095-17AE-47AB-9441-592FE61A3B8E}"
EndProject
Project("{FAE04EC0-301F-11D3-BF4B-00C04F79EFBC}") = "ClassMetotDemo", "ClassMetotDemo\ClassMetotDemo.csproj", "{6E594227-4B4D-4392-AB8F-FFBA16F24BAD}"
EndProject
Global
	GlobalSection(SolutionConfigurationPlatforms) = preSolution
		Debug|Any CPU = Debug|Any CPU
		Release|Any CPU = Release|Any CPU
	EndGlobalSection
	GlobalSection(ProjectConfigurationPlatforms) = postSolution
		{84A0BBE9-CD9B-4083-9F8C-8449C86D0581}.Debug|Any CPU.ActiveCfg = Debug|Any CPU
		{84A0BBE9-CD9B-4083-9F8C-8449C86D0581}.Debug|Any CPU.Build.0 = Debug|Any CPU
		{84A0BBE9-CD9B-4083-9F8C-8449C86D0581}.Release|Any CPU.ActiveCfg = Release|Any CPU
		{84A0BBE9-CD9B-4083-9F8C-8449C86D0581}.Release|Any CPU.Build.0 = Release|Any CPU
		{BD5B66A7-3F57-40A1-9536-B06786A6C123}.Debug|Any CPU.ActiveCfg = Debug|Any CPU
		{BD5B66A7-3F57-40A1-9536-B06786A6C123}.Debug|Any CPU.Build.0 = Debug|Any CPU
		{BD5B66A7-3F57-40A1-9536-B06786A6C123}.Release|Any CPU.ActiveCfg = Release|Any CPU
		{BD5B66A7-3F57-40A1-9536-B06786A6C123}.Release|Any CPU.Build.0 = Release|Any CPU
		{1F0D301B-EF74-4927-B3BA-5418F0BDF8D9}.Debug|Any CPU.ActiveCfg = Debug|Any CPU
		{1F0D301B-EF74-4927-B3BA-5418F0BDF8D9}.Debug|Any CPU.Build.0 = Debug|Any CPU
		{1F0D301B-EF74-4927-B3BA-5418F0BDF8D9}.Release|Any CPU.ActiveCfg = Release|Any CPU
		{1F0D301B-EF74-4927-B3BA-5418F0BDF8D9}.Release|Any CPU.Build.0 = Release|Any CPU
		{DA0C69BB-1451-4B4B-A7B5-92D300492031}.Debug|Any CPU.ActiveCfg = Debug|Any CPU
		{DA0C69BB-1451-4B4B-A7B5-92D300492031}.Debug|Any CPU.Build.0 = Debug|Any CPU
		{DA0C69BB-1451-4B4B-A7B5-92D300492031}.Release|Any CPU.ActiveCfg = Release|Any CPU
		{DA0C69BB-1451-4B4B-A7B5-92D300492031}.Release|Any CPU.Build.0 = Release|Any CPU
		{ACD6EE6F-A941-46F7-AAD3-E171142F6E73}.Debug|Any CPU.ActiveCfg = Debug|Any CPU
		{ACD6EE6F-A941-46F7-AAD3-E171142F6E73}.Debug|Any CPU.Build.0 = Debug|Any CPU
		{ACD6EE6F-A941-46F7-AAD3-E171142F6E73}.Release|Any CPU.ActiveCfg = Release|Any CPU
		{ACD6EE6F-A941-46F7-AAD3-E171142F6E73}.Release|Any CPU.Build.0 = Release|Any CPU
		{1D4C8095-17AE-47AB-9441-592FE61A3B8E}.Debug|Any CPU.ActiveCfg = Debug|Any CPU
		{1D4C8095-17AE-47AB-9441-592FE61A3B8E}.Debug|Any CPU.Build.0 = Debug|Any CPU
		{1D4C8095-17AE-47AB-9441-592FE61A3B8E}.Release|Any CPU.ActiveCfg = Release|Any CPU
		{1D4C8095-17AE-47AB-9441-592FE61A3B8E}.Release|Any CPU.Build.0 = Release|Any CPU
		{6E594227-4B4D-4392-AB8F-FFBA16F24BAD}.Debug|Any CPU.ActiveCfg = Debug|Any CPU
		{6E594227-4B4D-4392-AB8F-FFBA16F24BAD}.Debug|Any CPU.Build.0 = Debug|Any CPU
		{6E594227-4B4D-4392-AB8F-FFBA16F24BAD}.Release|Any CPU.ActiveCfg = Release|Any CPU
		{6E594227-4B4D-4392-AB8F-FFBA16F24BAD}.Release|Any CPU.Build.0 = Release|Any CPU
	EndGlobalSection
	GlobalSection(SolutionProperties) = preSolution
		HideSolutionNode = FALSE
	EndGlobalSection
	GlobalSection(ExtensibilityGlobals) = postSolution
		SolutionGuid = {2F987D41-DAD1-4A12-A567-117F0D512C05}
	EndGlobalSection
EndGlobal
